
Microsoft Visual Studio Solution File, Format Version 12.00
# Visual Studio 2012
Project("{FAE04EC0-301F-11D3-BF4B-00C04F79EFBC}") = "MasterDetail.Android", "MasterDetail.Android\MasterDetail.Android.csproj", "{48C92D00-DCE0-43FD-8CF1-AB68A9FD48C5}"
EndProject
Project("{FAE04EC0-301F-11D3-BF4B-00C04F79EFBC}") = "MasterDetail.iOS", "MasterDetail.iOS\MasterDetail.iOS.csproj", "{02144AB5-3526-4FA8-A165-4C2BDC08F70D}"
EndProject
Project("{FAE04EC0-301F-11D3-BF4B-00C04F79EFBC}") = "MasterDetail", "MasterDetail\MasterDetail.csproj", "{35C26B56-6F32-427A-B99E-8553AA13B821}"
EndProject
Global
	GlobalSection(SolutionConfigurationPlatforms) = preSolution
		Debug|Any CPU = Debug|Any CPU
		Release|Any CPU = Release|Any CPU
		Debug|iPhoneSimulator = Debug|iPhoneSimulator
		Release|iPhoneSimulator = Release|iPhoneSimulator
		Debug|iPhone = Debug|iPhone
		Release|iPhone = Release|iPhone
		Ad-Hoc|iPhone = Ad-Hoc|iPhone
		AppStore|iPhone = AppStore|iPhone
	EndGlobalSection
	GlobalSection(ProjectConfigurationPlatforms) = postSolution
		{48C92D00-DCE0-43FD-8CF1-AB68A9FD48C5}.Debug|Any CPU.ActiveCfg = Debug|Any CPU
		{48C92D00-DCE0-43FD-8CF1-AB68A9FD48C5}.Debug|Any CPU.Build.0 = Debug|Any CPU
		{48C92D00-DCE0-43FD-8CF1-AB68A9FD48C5}.Release|Any CPU.ActiveCfg = Release|Any CPU
		{48C92D00-DCE0-43FD-8CF1-AB68A9FD48C5}.Release|Any CPU.Build.0 = Release|Any CPU
		{48C92D00-DCE0-43FD-8CF1-AB68A9FD48C5}.Debug|iPhoneSimulator.ActiveCfg = Debug|Any CPU
		{48C92D00-DCE0-43FD-8CF1-AB68A9FD48C5}.Debug|iPhoneSimulator.Build.0 = Debug|Any CPU
		{48C92D00-DCE0-43FD-8CF1-AB68A9FD48C5}.Release|iPhoneSimulator.ActiveCfg = Release|Any CPU
		{48C92D00-DCE0-43FD-8CF1-AB68A9FD48C5}.Release|iPhoneSimulator.Build.0 = Release|Any CPU
		{48C92D00-DCE0-43FD-8CF1-AB68A9FD48C5}.Debug|iPhone.ActiveCfg = Debug|Any CPU
		{48C92D00-DCE0-43FD-8CF1-AB68A9FD48C5}.Debug|iPhone.Build.0 = Debug|Any CPU
		{48C92D00-DCE0-43FD-8CF1-AB68A9FD48C5}.Release|iPhone.ActiveCfg = Release|Any CPU
		{48C92D00-DCE0-43FD-8CF1-AB68A9FD48C5}.Release|iPhone.Build.0 = Release|Any CPU
		{48C92D00-DCE0-43FD-8CF1-AB68A9FD48C5}.Ad-Hoc|iPhone.ActiveCfg = Debug|Any CPU
		{48C92D00-DCE0-43FD-8CF1-AB68A9FD48C5}.Ad-Hoc|iPhone.Build.0 = Debug|Any CPU
		{48C92D00-DCE0-43FD-8CF1-AB68A9FD48C5}.AppStore|iPhone.ActiveCfg = Debug|Any CPU
		{48C92D00-DCE0-43FD-8CF1-AB68A9FD48C5}.AppStore|iPhone.Build.0 = Debug|Any CPU
		{02144AB5-3526-4FA8-A165-4C2BDC08F70D}.Debug|Any CPU.ActiveCfg = Debug|iPhoneSimulator
		{02144AB5-3526-4FA8-A165-4C2BDC08F70D}.Debug|Any CPU.Build.0 = Debug|iPhoneSimulator
		{02144AB5-3526-4FA8-A165-4C2BDC08F70D}.Release|Any CPU.ActiveCfg = Release|iPhoneSimulator
		{02144AB5-3526-4FA8-A165-4C2BDC08F70D}.Release|Any CPU.Build.0 = Release|iPhoneSimulator
		{02144AB5-3526-4FA8-A165-4C2BDC08F70D}.Debug|iPhoneSimulator.ActiveCfg = Debug|iPhoneSimulator
		{02144AB5-3526-4FA8-A165-4C2BDC08F70D}.Debug|iPhoneSimulator.Build.0 = Debug|iPhoneSimulator
		{02144AB5-3526-4FA8-A165-4C2BDC08F70D}.Release|iPhoneSimulator.ActiveCfg = Release|iPhoneSimulator
		{02144AB5-3526-4FA8-A165-4C2BDC08F70D}.Release|iPhoneSimulator.Build.0 = Release|iPhoneSimulator
		{02144AB5-3526-4FA8-A165-4C2BDC08F70D}.Debug|iPhone.ActiveCfg = Debug|iPhone
		{02144AB5-3526-4FA8-A165-4C2BDC08F70D}.Debug|iPhone.Build.0 = Debug|iPhone
		{02144AB5-3526-4FA8-A165-4C2BDC08F70D}.Release|iPhone.ActiveCfg = Release|iPhone
		{02144AB5-3526-4FA8-A165-4C2BDC08F70D}.Release|iPhone.Build.0 = Release|iPhone
		{02144AB5-3526-4FA8-A165-4C2BDC08F70D}.Ad-Hoc|iPhone.ActiveCfg = Ad-Hoc|iPhone
		{02144AB5-3526-4FA8-A165-4C2BDC08F70D}.Ad-Hoc|iPhone.Build.0 = Ad-Hoc|iPhone
		{02144AB5-3526-4FA8-A165-4C2BDC08F70D}.AppStore|iPhone.ActiveCfg = AppStore|iPhone
		{02144AB5-3526-4FA8-A165-4C2BDC08F70D}.AppStore|iPhone.Build.0 = AppStore|iPhone
		{35C26B56-6F32-427A-B99E-8553AA13B821}.Debug|Any CPU.ActiveCfg = Debug|Any CPU
		{35C26B56-6F32-427A-B99E-8553AA13B821}.Debug|Any CPU.Build.0 = Debug|Any CPU
		{35C26B56-6F32-427A-B99E-8553AA13B821}.Release|Any CPU.ActiveCfg = Release|Any CPU
		{35C26B56-6F32-427A-B99E-8553AA13B821}.Release|Any CPU.Build.0 = Release|Any CPU
		{35C26B56-6F32-427A-B99E-8553AA13B821}.Debug|iPhoneSimulator.ActiveCfg = Debug|Any CPU
		{35C26B56-6F32-427A-B99E-8553AA13B821}.Debug|iPhoneSimulator.Build.0 = Debug|Any CPU
		{35C26B56-6F32-427A-B99E-8553AA13B821}.Release|iPhoneSimulator.ActiveCfg = Release|Any CPU
		{35C26B56-6F32-427A-B99E-8553AA13B821}.Release|iPhoneSimulator.Build.0 = Release|Any CPU
		{35C26B56-6F32-427A-B99E-8553AA13B821}.Debug|iPhone.ActiveCfg = Debug|Any CPU
		{35C26B56-6F32-427A-B99E-8553AA13B821}.Debug|iPhone.Build.0 = Debug|Any CPU
		{35C26B56-6F32-427A-B99E-8553AA13B821}.Release|iPhone.ActiveCfg = Release|Any CPU
		{35C26B56-6F32-427A-B99E-8553AA13B821}.Release|iPhone.Build.0 = Release|Any CPU
		{35C26B56-6F32-427A-B99E-8553AA13B821}.Ad-Hoc|iPhone.ActiveCfg = Debug|Any CPU
		{35C26B56-6F32-427A-B99E-8553AA13B821}.Ad-Hoc|iPhone.Build.0 = Debug|Any CPU
		{35C26B56-6F32-427A-B99E-8553AA13B821}.AppStore|iPhone.ActiveCfg = Debug|Any CPU
		{35C26B56-6F32-427A-B99E-8553AA13B821}.AppStore|iPhone.Build.0 = Debug|Any CPU
	EndGlobalSection
EndGlobal
